// !$*UTF8*$!
{
	archiveVersion = 1;
	classes = {
	};
	objectVersion = 55;
	objects = {

/* Begin PBXBuildFile section */
		524D1FB72719D16700A18E32 /* Constants.swift in Sources */ = {isa = PBXBuildFile; fileRef = 524D1FB62719D16700A18E32 /* Constants.swift */; };
		524D1FB92719D5DF00A18E32 /* ConstantsTests.swift in Sources */ = {isa = PBXBuildFile; fileRef = 524D1FB82719D5DF00A18E32 /* ConstantsTests.swift */; };
		524D85BB2704D89400B01C9A /* SignInWithAppleApp.swift in Sources */ = {isa = PBXBuildFile; fileRef = 524D85BA2704D89400B01C9A /* SignInWithAppleApp.swift */; };
		524D85BD2704D89400B01C9A /* SignInWithAppleView.swift in Sources */ = {isa = PBXBuildFile; fileRef = 524D85BC2704D89400B01C9A /* SignInWithAppleView.swift */; };
		524D85BF2704D89800B01C9A /* Assets.xcassets in Resources */ = {isa = PBXBuildFile; fileRef = 524D85BE2704D89800B01C9A /* Assets.xcassets */; };
		524D85C22704D89800B01C9A /* Preview Assets.xcassets in Resources */ = {isa = PBXBuildFile; fileRef = 524D85C12704D89800B01C9A /* Preview Assets.xcassets */; };
		524D85D62704D89900B01C9A /* SignInWithAppleUITests.swift in Sources */ = {isa = PBXBuildFile; fileRef = 524D85D52704D89900B01C9A /* SignInWithAppleUITests.swift */; };
		524D85E62704E61E00B01C9A /* LoginHeaderView.swift in Sources */ = {isa = PBXBuildFile; fileRef = 524D85E52704E61E00B01C9A /* LoginHeaderView.swift */; };
		524D85FD2704FE2400B01C9A /* UserModel.swift in Sources */ = {isa = PBXBuildFile; fileRef = 524D85FC2704FE2400B01C9A /* UserModel.swift */; };
		524D86002705B14400B01C9A /* AppleIdAuthenticator.swift in Sources */ = {isa = PBXBuildFile; fileRef = 524D85FF2705B14400B01C9A /* AppleIdAuthenticator.swift */; };
		524D86052705D8AA00B01C9A /* HomeView.swift in Sources */ = {isa = PBXBuildFile; fileRef = 524D86042705D8AA00B01C9A /* HomeView.swift */; };
		524D86082705ECA200B01C9A /* AppleIdCoordinator+Registration.swift in Sources */ = {isa = PBXBuildFile; fileRef = 524D86072705ECA200B01C9A /* AppleIdCoordinator+Registration.swift */; };
		524D86432706F06C00B01C9A /* UserAuth.swift in Sources */ = {isa = PBXBuildFile; fileRef = 524D86422706F06C00B01C9A /* UserAuth.swift */; };
		524D86452707117F00B01C9A /* UserDefaultStorage.swift in Sources */ = {isa = PBXBuildFile; fileRef = 524D86442707117F00B01C9A /* UserDefaultStorage.swift */; };
		524D8648270716AC00B01C9A /* UserStorageable.swift in Sources */ = {isa = PBXBuildFile; fileRef = 524D8647270716AC00B01C9A /* UserStorageable.swift */; };
		524D864A2707436100B01C9A /* LogoutButtonView.swift in Sources */ = {isa = PBXBuildFile; fileRef = 524D86492707436100B01C9A /* LogoutButtonView.swift */; };
		524D8651270756CD00B01C9A /* HintMessageView.swift in Sources */ = {isa = PBXBuildFile; fileRef = 524D8650270756CD00B01C9A /* HintMessageView.swift */; };
		524D86532707A4AF00B01C9A /* SignInWithAppleButtonView.swift in Sources */ = {isa = PBXBuildFile; fileRef = 524D86522707A4AF00B01C9A /* SignInWithAppleButtonView.swift */; };
		524D86552707A9DF00B01C9A /* LoginBiometricButtonView.swift in Sources */ = {isa = PBXBuildFile; fileRef = 524D86542707A9DF00B01C9A /* LoginBiometricButtonView.swift */; };
		524D86572708719B00B01C9A /* UserAuthStorageable.swift in Sources */ = {isa = PBXBuildFile; fileRef = 524D86562708719B00B01C9A /* UserAuthStorageable.swift */; };
		524D86592708CAC800B01C9A /* BioMetricAuthenticator.swift in Sources */ = {isa = PBXBuildFile; fileRef = 524D86582708CAC800B01C9A /* BioMetricAuthenticator.swift */; };
		524D865B2708E8D800B01C9A /* SignInWithBiometricsView.swift in Sources */ = {isa = PBXBuildFile; fileRef = 524D865A2708E8D800B01C9A /* SignInWithBiometricsView.swift */; };
		524D865D2708FDBC00B01C9A /* ErrorMessageView.swift in Sources */ = {isa = PBXBuildFile; fileRef = 524D865C2708FDBC00B01C9A /* ErrorMessageView.swift */; };
		524D866427098AA400B01C9A /* UserAuthTests.swift in Sources */ = {isa = PBXBuildFile; fileRef = 524D866327098AA300B01C9A /* UserAuthTests.swift */; };
		524D86672709939400B01C9A /* UserDefaultStorageTests.swift in Sources */ = {isa = PBXBuildFile; fileRef = 524D86662709939400B01C9A /* UserDefaultStorageTests.swift */; };
		524D86692709B6D200B01C9A /* BaseAuthTest.swift in Sources */ = {isa = PBXBuildFile; fileRef = 524D86682709B6D200B01C9A /* BaseAuthTest.swift */; };
		524D86B02709F88000B01C9A /* BaseUITest.swift in Sources */ = {isa = PBXBuildFile; fileRef = 524D86AF2709F88000B01C9A /* BaseUITest.swift */; };
		524D86B32709FD0300B01C9A /* AppDelegate.swift in Sources */ = {isa = PBXBuildFile; fileRef = 524D86B22709FD0200B01C9A /* AppDelegate.swift */; };
		524D86B62709FF5C00B01C9A /* TestingConstants.swift in Sources */ = {isa = PBXBuildFile; fileRef = 524D86B52709FF5C00B01C9A /* TestingConstants.swift */; };
		524D86B72709FF5C00B01C9A /* TestingConstants.swift in Sources */ = {isa = PBXBuildFile; fileRef = 524D86B52709FF5C00B01C9A /* TestingConstants.swift */; };
		524D86BA270A00A700B01C9A /* LaunchArgumentsHandler.swift in Sources */ = {isa = PBXBuildFile; fileRef = 524D86B9270A00A700B01C9A /* LaunchArgumentsHandler.swift */; };
		524D86BC270A017400B01C9A /* LaunchArgumentsHandler+Test.swift in Sources */ = {isa = PBXBuildFile; fileRef = 524D86BB270A017400B01C9A /* LaunchArgumentsHandler+Test.swift */; };
		524D86BF270A0B0700B01C9A /* SignInWithAppleUITests.swift in Sources */ = {isa = PBXBuildFile; fileRef = 524D86BE270A0B0700B01C9A /* SignInWithAppleUITests.swift */; };
		524D86C2270A0B6F00B01C9A /* UITestable.swift in Sources */ = {isa = PBXBuildFile; fileRef = 524D86C1270A0B6F00B01C9A /* UITestable.swift */; };
		524D86C4270A0E8500B01C9A /* NSObject+Extensions.swift in Sources */ = {isa = PBXBuildFile; fileRef = 524D86C3270A0E8500B01C9A /* NSObject+Extensions.swift */; };
		524D86C8270A184F00B01C9A /* LoggedInUITests.swift in Sources */ = {isa = PBXBuildFile; fileRef = 524D86C7270A184F00B01C9A /* LoggedInUITests.swift */; };
		524D86CC270A2DB700B01C9A /* LoggedInUITests.swift in Sources */ = {isa = PBXBuildFile; fileRef = 524D86CB270A2DB700B01C9A /* LoggedInUITests.swift */; };
/* End PBXBuildFile section */

/* Begin PBXContainerItemProxy section */
		524D85C82704D89900B01C9A /* PBXContainerItemProxy */ = {
			isa = PBXContainerItemProxy;
			containerPortal = 524D85AF2704D89400B01C9A /* Project object */;
			proxyType = 1;
			remoteGlobalIDString = 524D85B62704D89400B01C9A;
			remoteInfo = SignInWithApple;
		};
		524D85D22704D89900B01C9A /* PBXContainerItemProxy */ = {
			isa = PBXContainerItemProxy;
			containerPortal = 524D85AF2704D89400B01C9A /* Project object */;
			proxyType = 1;
			remoteGlobalIDString = 524D85B62704D89400B01C9A;
			remoteInfo = SignInWithApple;
		};
/* End PBXContainerItemProxy section */

/* Begin PBXFileReference section */
		524D1FB62719D16700A18E32 /* Constants.swift */ = {isa = PBXFileReference; lastKnownFileType = sourcecode.swift; path = Constants.swift; sourceTree = "<group>"; };
		524D1FB82719D5DF00A18E32 /* ConstantsTests.swift */ = {isa = PBXFileReference; lastKnownFileType = sourcecode.swift; path = ConstantsTests.swift; sourceTree = "<group>"; };
		524D85B72704D89400B01C9A /* SignInWithApple.app */ = {isa = PBXFileReference; explicitFileType = wrapper.application; includeInIndex = 0; path = SignInWithApple.app; sourceTree = BUILT_PRODUCTS_DIR; };
		524D85BA2704D89400B01C9A /* SignInWithAppleApp.swift */ = {isa = PBXFileReference; lastKnownFileType = sourcecode.swift; path = SignInWithAppleApp.swift; sourceTree = "<group>"; };
		524D85BC2704D89400B01C9A /* SignInWithAppleView.swift */ = {isa = PBXFileReference; lastKnownFileType = sourcecode.swift; path = SignInWithAppleView.swift; sourceTree = "<group>"; };
		524D85BE2704D89800B01C9A /* Assets.xcassets */ = {isa = PBXFileReference; lastKnownFileType = folder.assetcatalog; path = Assets.xcassets; sourceTree = "<group>"; };
		524D85C12704D89800B01C9A /* Preview Assets.xcassets */ = {isa = PBXFileReference; lastKnownFileType = folder.assetcatalog; path = "Preview Assets.xcassets"; sourceTree = "<group>"; };
		524D85C72704D89900B01C9A /* SignInWithAppleTests.xctest */ = {isa = PBXFileReference; explicitFileType = wrapper.cfbundle; includeInIndex = 0; path = SignInWithAppleTests.xctest; sourceTree = BUILT_PRODUCTS_DIR; };
		524D85D12704D89900B01C9A /* SignInWithAppleUITests.xctest */ = {isa = PBXFileReference; explicitFileType = wrapper.cfbundle; includeInIndex = 0; path = SignInWithAppleUITests.xctest; sourceTree = BUILT_PRODUCTS_DIR; };
		524D85D52704D89900B01C9A /* SignInWithAppleUITests.swift */ = {isa = PBXFileReference; lastKnownFileType = sourcecode.swift; path = SignInWithAppleUITests.swift; sourceTree = "<group>"; };
		524D85E52704E61E00B01C9A /* LoginHeaderView.swift */ = {isa = PBXFileReference; lastKnownFileType = sourcecode.swift; path = LoginHeaderView.swift; sourceTree = "<group>"; };
		524D85FA2704F13800B01C9A /* SignInWithApple.entitlements */ = {isa = PBXFileReference; lastKnownFileType = text.plist.entitlements; path = SignInWithApple.entitlements; sourceTree = "<group>"; };
		524D85FC2704FE2400B01C9A /* UserModel.swift */ = {isa = PBXFileReference; fileEncoding = 4; lastKnownFileType = sourcecode.swift; path = UserModel.swift; sourceTree = "<group>"; };
		524D85FF2705B14400B01C9A /* AppleIdAuthenticator.swift */ = {isa = PBXFileReference; lastKnownFileType = sourcecode.swift; path = AppleIdAuthenticator.swift; sourceTree = "<group>"; };
		524D86042705D8AA00B01C9A /* HomeView.swift */ = {isa = PBXFileReference; lastKnownFileType = sourcecode.swift; path = HomeView.swift; sourceTree = "<group>"; };
		524D86072705ECA200B01C9A /* AppleIdCoordinator+Registration.swift */ = {isa = PBXFileReference; lastKnownFileType = sourcecode.swift; path = "AppleIdCoordinator+Registration.swift"; sourceTree = "<group>"; };
		524D86422706F06C00B01C9A /* UserAuth.swift */ = {isa = PBXFileReference; lastKnownFileType = sourcecode.swift; path = UserAuth.swift; sourceTree = "<group>"; };
		524D86442707117F00B01C9A /* UserDefaultStorage.swift */ = {isa = PBXFileReference; lastKnownFileType = sourcecode.swift; path = UserDefaultStorage.swift; sourceTree = "<group>"; };
		524D8647270716AC00B01C9A /* UserStorageable.swift */ = {isa = PBXFileReference; lastKnownFileType = sourcecode.swift; path = UserStorageable.swift; sourceTree = "<group>"; };
		524D86492707436100B01C9A /* LogoutButtonView.swift */ = {isa = PBXFileReference; fileEncoding = 4; lastKnownFileType = sourcecode.swift; path = LogoutButtonView.swift; sourceTree = "<group>"; };
		524D8650270756CD00B01C9A /* HintMessageView.swift */ = {isa = PBXFileReference; lastKnownFileType = sourcecode.swift; path = HintMessageView.swift; sourceTree = "<group>"; };
		524D86522707A4AF00B01C9A /* SignInWithAppleButtonView.swift */ = {isa = PBXFileReference; lastKnownFileType = sourcecode.swift; path = SignInWithAppleButtonView.swift; sourceTree = "<group>"; };
		524D86542707A9DF00B01C9A /* LoginBiometricButtonView.swift */ = {isa = PBXFileReference; lastKnownFileType = sourcecode.swift; path = LoginBiometricButtonView.swift; sourceTree = "<group>"; };
		524D86562708719B00B01C9A /* UserAuthStorageable.swift */ = {isa = PBXFileReference; lastKnownFileType = sourcecode.swift; path = UserAuthStorageable.swift; sourceTree = "<group>"; };
		524D86582708CAC800B01C9A /* BioMetricAuthenticator.swift */ = {isa = PBXFileReference; lastKnownFileType = sourcecode.swift; path = BioMetricAuthenticator.swift; sourceTree = "<group>"; };
		524D865A2708E8D800B01C9A /* SignInWithBiometricsView.swift */ = {isa = PBXFileReference; lastKnownFileType = sourcecode.swift; path = SignInWithBiometricsView.swift; sourceTree = "<group>"; };
		524D865C2708FDBC00B01C9A /* ErrorMessageView.swift */ = {isa = PBXFileReference; lastKnownFileType = sourcecode.swift; path = ErrorMessageView.swift; sourceTree = "<group>"; };
		524D866327098AA300B01C9A /* UserAuthTests.swift */ = {isa = PBXFileReference; lastKnownFileType = sourcecode.swift; path = UserAuthTests.swift; sourceTree = "<group>"; };
		524D86662709939400B01C9A /* UserDefaultStorageTests.swift */ = {isa = PBXFileReference; lastKnownFileType = sourcecode.swift; path = UserDefaultStorageTests.swift; sourceTree = "<group>"; };
		524D86682709B6D200B01C9A /* BaseAuthTest.swift */ = {isa = PBXFileReference; lastKnownFileType = sourcecode.swift; path = BaseAuthTest.swift; sourceTree = "<group>"; };
		524D86AF2709F88000B01C9A /* BaseUITest.swift */ = {isa = PBXFileReference; lastKnownFileType = sourcecode.swift; path = BaseUITest.swift; sourceTree = "<group>"; };
		524D86B22709FD0200B01C9A /* AppDelegate.swift */ = {isa = PBXFileReference; lastKnownFileType = sourcecode.swift; path = AppDelegate.swift; sourceTree = "<group>"; };
		524D86B52709FF5C00B01C9A /* TestingConstants.swift */ = {isa = PBXFileReference; lastKnownFileType = sourcecode.swift; path = TestingConstants.swift; sourceTree = "<group>"; };
		524D86B9270A00A700B01C9A /* LaunchArgumentsHandler.swift */ = {isa = PBXFileReference; lastKnownFileType = sourcecode.swift; path = LaunchArgumentsHandler.swift; sourceTree = "<group>"; };
		524D86BB270A017400B01C9A /* LaunchArgumentsHandler+Test.swift */ = {isa = PBXFileReference; lastKnownFileType = sourcecode.swift; path = "LaunchArgumentsHandler+Test.swift"; sourceTree = "<group>"; };
		524D86BE270A0B0700B01C9A /* SignInWithAppleUITests.swift */ = {isa = PBXFileReference; lastKnownFileType = sourcecode.swift; path = SignInWithAppleUITests.swift; sourceTree = "<group>"; };
		524D86C1270A0B6F00B01C9A /* UITestable.swift */ = {isa = PBXFileReference; lastKnownFileType = sourcecode.swift; path = UITestable.swift; sourceTree = "<group>"; };
		524D86C3270A0E8500B01C9A /* NSObject+Extensions.swift */ = {isa = PBXFileReference; lastKnownFileType = sourcecode.swift; path = "NSObject+Extensions.swift"; sourceTree = "<group>"; };
		524D86C7270A184F00B01C9A /* LoggedInUITests.swift */ = {isa = PBXFileReference; lastKnownFileType = sourcecode.swift; path = LoggedInUITests.swift; sourceTree = "<group>"; };
		524D86CB270A2DB700B01C9A /* LoggedInUITests.swift */ = {isa = PBXFileReference; lastKnownFileType = sourcecode.swift; path = LoggedInUITests.swift; sourceTree = "<group>"; };
/* End PBXFileReference section */

/* Begin PBXFrameworksBuildPhase section */
		524D85B42704D89400B01C9A /* Frameworks */ = {
			isa = PBXFrameworksBuildPhase;
			buildActionMask = 2147483647;
			files = (
			);
			runOnlyForDeploymentPostprocessing = 0;
		};
		524D85C42704D89900B01C9A /* Frameworks */ = {
			isa = PBXFrameworksBuildPhase;
			buildActionMask = 2147483647;
			files = (
			);
			runOnlyForDeploymentPostprocessing = 0;
		};
		524D85CE2704D89900B01C9A /* Frameworks */ = {
			isa = PBXFrameworksBuildPhase;
			buildActionMask = 2147483647;
			files = (
			);
			runOnlyForDeploymentPostprocessing = 0;
		};
/* End PBXFrameworksBuildPhase section */

/* Begin PBXGroup section */
		524D85AE2704D89400B01C9A = {
			isa = PBXGroup;
			children = (
				524D85B92704D89400B01C9A /* SignInWithApple */,
				524D85CA2704D89900B01C9A /* SignInWithAppleTests */,
				524D85D42704D89900B01C9A /* SignInWithAppleUITests */,
				524D85B82704D89400B01C9A /* Products */,
			);
			sourceTree = "<group>";
		};
		524D85B82704D89400B01C9A /* Products */ = {
			isa = PBXGroup;
			children = (
				524D85B72704D89400B01C9A /* SignInWithApple.app */,
				524D85C72704D89900B01C9A /* SignInWithAppleTests.xctest */,
				524D85D12704D89900B01C9A /* SignInWithAppleUITests.xctest */,
			);
			name = Products;
			sourceTree = "<group>";
		};
		524D85B92704D89400B01C9A /* SignInWithApple */ = {
			isa = PBXGroup;
			children = (
				524D86B8270A008200B01C9A /* App */,
				524D85FA2704F13800B01C9A /* SignInWithApple.entitlements */,
				524D85BA2704D89400B01C9A /* SignInWithAppleApp.swift */,
				524D1FB62719D16700A18E32 /* Constants.swift */,
				524D864B27074CA600B01C9A /* Modules */,
				524D85E42704E5F200B01C9A /* SharedElements */,
				524D864E27074D8700B01C9A /* Storage */,
				524D85FB2704FE1000B01C9A /* Authentication */,
				524D86B42709FF2B00B01C9A /* UITesting */,
				524D85BE2704D89800B01C9A /* Assets.xcassets */,
				524D85C02704D89800B01C9A /* Preview Content */,
			);
			path = SignInWithApple;
			sourceTree = "<group>";
		};
		524D85C02704D89800B01C9A /* Preview Content */ = {
			isa = PBXGroup;
			children = (
				524D85C12704D89800B01C9A /* Preview Assets.xcassets */,
			);
			path = "Preview Content";
			sourceTree = "<group>";
		};
		524D85CA2704D89900B01C9A /* SignInWithAppleTests */ = {
			isa = PBXGroup;
			children = (
				524D1FB82719D5DF00A18E32 /* ConstantsTests.swift */,
				524D866A2709B86500B01C9A /* Helper */,
				524D866127098A7F00B01C9A /* Authentication */,
			);
			path = SignInWithAppleTests;
			sourceTree = "<group>";
		};
		524D85D42704D89900B01C9A /* SignInWithAppleUITests */ = {
			isa = PBXGroup;
			children = (
				524D86C6270A183800B01C9A /* Login */,
				524D86B12709F90800B01C9A /* Helper */,
			);
			path = SignInWithAppleUITests;
			sourceTree = "<group>";
		};
		524D85E42704E5F200B01C9A /* SharedElements */ = {
			isa = PBXGroup;
			children = (
				524D86492707436100B01C9A /* LogoutButtonView.swift */,
				524D8650270756CD00B01C9A /* HintMessageView.swift */,
				524D865C2708FDBC00B01C9A /* ErrorMessageView.swift */,
			);
			path = SharedElements;
			sourceTree = "<group>";
		};
		524D85FB2704FE1000B01C9A /* Authentication */ = {
			isa = PBXGroup;
			children = (
				524D865E2709699000B01C9A /* AppleId */,
				524D865F27096A8C00B01C9A /* Biometrics */,
				524D86062705DC7100B01C9A /* Models */,
				524D866027096A9B00B01C9A /* UserAuth */,
			);
			path = Authentication;
			sourceTree = "<group>";
		};
		524D86062705DC7100B01C9A /* Models */ = {
			isa = PBXGroup;
			children = (
				524D85FC2704FE2400B01C9A /* UserModel.swift */,
			);
			path = Models;
			sourceTree = "<group>";
		};
		524D864B27074CA600B01C9A /* Modules */ = {
			isa = PBXGroup;
			children = (
				524D864D27074CCA00B01C9A /* Home */,
				524D864C27074CB700B01C9A /* Login */,
			);
			path = Modules;
			sourceTree = "<group>";
		};
		524D864C27074CB700B01C9A /* Login */ = {
			isa = PBXGroup;
			children = (
				524D864F27074E2D00B01C9A /* Elements */,
				524D85BC2704D89400B01C9A /* SignInWithAppleView.swift */,
				524D865A2708E8D800B01C9A /* SignInWithBiometricsView.swift */,
			);
			path = Login;
			sourceTree = "<group>";
		};
		524D864D27074CCA00B01C9A /* Home */ = {
			isa = PBXGroup;
			children = (
				524D86042705D8AA00B01C9A /* HomeView.swift */,
			);
			path = Home;
			sourceTree = "<group>";
		};
		524D864E27074D8700B01C9A /* Storage */ = {
			isa = PBXGroup;
			children = (
				524D86442707117F00B01C9A /* UserDefaultStorage.swift */,
				524D8647270716AC00B01C9A /* UserStorageable.swift */,
			);
			path = Storage;
			sourceTree = "<group>";
		};
		524D864F27074E2D00B01C9A /* Elements */ = {
			isa = PBXGroup;
			children = (
				524D86542707A9DF00B01C9A /* LoginBiometricButtonView.swift */,
				524D85E52704E61E00B01C9A /* LoginHeaderView.swift */,
				524D86522707A4AF00B01C9A /* SignInWithAppleButtonView.swift */,
			);
			path = Elements;
			sourceTree = "<group>";
		};
		524D865E2709699000B01C9A /* AppleId */ = {
			isa = PBXGroup;
			children = (
				524D85FF2705B14400B01C9A /* AppleIdAuthenticator.swift */,
				524D86072705ECA200B01C9A /* AppleIdCoordinator+Registration.swift */,
			);
			path = AppleId;
			sourceTree = "<group>";
		};
		524D865F27096A8C00B01C9A /* Biometrics */ = {
			isa = PBXGroup;
			children = (
				524D86582708CAC800B01C9A /* BioMetricAuthenticator.swift */,
			);
			path = Biometrics;
			sourceTree = "<group>";
		};
		524D866027096A9B00B01C9A /* UserAuth */ = {
			isa = PBXGroup;
			children = (
				524D86422706F06C00B01C9A /* UserAuth.swift */,
				524D86562708719B00B01C9A /* UserAuthStorageable.swift */,
			);
			path = UserAuth;
			sourceTree = "<group>";
		};
		524D866127098A7F00B01C9A /* Authentication */ = {
			isa = PBXGroup;
			children = (
				524D86652709937300B01C9A /* Storage */,
				524D866227098A8400B01C9A /* UserAuth */,
			);
			path = Authentication;
			sourceTree = "<group>";
		};
		524D866227098A8400B01C9A /* UserAuth */ = {
			isa = PBXGroup;
			children = (
				524D866327098AA300B01C9A /* UserAuthTests.swift */,
			);
			path = UserAuth;
			sourceTree = "<group>";
		};
		524D86652709937300B01C9A /* Storage */ = {
			isa = PBXGroup;
			children = (
				524D86662709939400B01C9A /* UserDefaultStorageTests.swift */,
			);
			path = Storage;
			sourceTree = "<group>";
		};
		524D866A2709B86500B01C9A /* Helper */ = {
			isa = PBXGroup;
			children = (
				524D86682709B6D200B01C9A /* BaseAuthTest.swift */,
			);
			path = Helper;
			sourceTree = "<group>";
		};
		524D86B12709F90800B01C9A /* Helper */ = {
			isa = PBXGroup;
			children = (
				524D86AF2709F88000B01C9A /* BaseUITest.swift */,
			);
			path = Helper;
			sourceTree = "<group>";
		};
		524D86B42709FF2B00B01C9A /* UITesting */ = {
			isa = PBXGroup;
			children = (
				524D86BB270A017400B01C9A /* LaunchArgumentsHandler+Test.swift */,
				524D86C0270A0B6200B01C9A /* Protocols */,
				524D86BD270A0AF900B01C9A /* TestClasses */,
				524D86B52709FF5C00B01C9A /* TestingConstants.swift */,
			);
			path = UITesting;
			sourceTree = "<group>";
		};
		524D86B8270A008200B01C9A /* App */ = {
			isa = PBXGroup;
			children = (
				524D86B22709FD0200B01C9A /* AppDelegate.swift */,
				524D86B9270A00A700B01C9A /* LaunchArgumentsHandler.swift */,
			);
			path = App;
			sourceTree = "<group>";
		};
		524D86BD270A0AF900B01C9A /* TestClasses */ = {
			isa = PBXGroup;
			children = (
				524D86BE270A0B0700B01C9A /* SignInWithAppleUITests.swift */,
				524D86CB270A2DB700B01C9A /* LoggedInUITests.swift */,
			);
			path = TestClasses;
			sourceTree = "<group>";
		};
		524D86C0270A0B6200B01C9A /* Protocols */ = {
			isa = PBXGroup;
			children = (
				524D86C1270A0B6F00B01C9A /* UITestable.swift */,
				524D86C3270A0E8500B01C9A /* NSObject+Extensions.swift */,
			);
			path = Protocols;
			sourceTree = "<group>";
		};
		524D86C6270A183800B01C9A /* Login */ = {
			isa = PBXGroup;
			children = (
				524D85D52704D89900B01C9A /* SignInWithAppleUITests.swift */,
				524D86C7270A184F00B01C9A /* LoggedInUITests.swift */,
			);
			path = Login;
			sourceTree = "<group>";
		};
/* End PBXGroup section */

/* Begin PBXNativeTarget section */
		524D85B62704D89400B01C9A /* SignInWithApple */ = {
			isa = PBXNativeTarget;
			buildConfigurationList = 524D85DB2704D89900B01C9A /* Build configuration list for PBXNativeTarget "SignInWithApple" */;
			buildPhases = (
				524D85B32704D89400B01C9A /* Sources */,
				524D85B42704D89400B01C9A /* Frameworks */,
				524D85B52704D89400B01C9A /* Resources */,
			);
			buildRules = (
			);
			dependencies = (
			);
			name = SignInWithApple;
			productName = SignInWithApple;
			productReference = 524D85B72704D89400B01C9A /* SignInWithApple.app */;
			productType = "com.apple.product-type.application";
		};
		524D85C62704D89900B01C9A /* SignInWithAppleTests */ = {
			isa = PBXNativeTarget;
			buildConfigurationList = 524D85DE2704D89900B01C9A /* Build configuration list for PBXNativeTarget "SignInWithAppleTests" */;
			buildPhases = (
				524D85C32704D89900B01C9A /* Sources */,
				524D85C42704D89900B01C9A /* Frameworks */,
				524D85C52704D89900B01C9A /* Resources */,
			);
			buildRules = (
			);
			dependencies = (
				524D85C92704D89900B01C9A /* PBXTargetDependency */,
			);
			name = SignInWithAppleTests;
			productName = SignInWithAppleTests;
			productReference = 524D85C72704D89900B01C9A /* SignInWithAppleTests.xctest */;
			productType = "com.apple.product-type.bundle.unit-test";
		};
		524D85D02704D89900B01C9A /* SignInWithAppleUITests */ = {
			isa = PBXNativeTarget;
			buildConfigurationList = 524D85E12704D89900B01C9A /* Build configuration list for PBXNativeTarget "SignInWithAppleUITests" */;
			buildPhases = (
				524D85CD2704D89900B01C9A /* Sources */,
				524D85CE2704D89900B01C9A /* Frameworks */,
				524D85CF2704D89900B01C9A /* Resources */,
			);
			buildRules = (
			);
			dependencies = (
				524D85D32704D89900B01C9A /* PBXTargetDependency */,
			);
			name = SignInWithAppleUITests;
			productName = SignInWithAppleUITests;
			productReference = 524D85D12704D89900B01C9A /* SignInWithAppleUITests.xctest */;
			productType = "com.apple.product-type.bundle.ui-testing";
		};
/* End PBXNativeTarget section */

/* Begin PBXProject section */
		524D85AF2704D89400B01C9A /* Project object */ = {
			isa = PBXProject;
			attributes = {
				BuildIndependentTargetsInParallel = 1;
				LastSwiftUpdateCheck = 1300;
				LastUpgradeCheck = 1300;
				TargetAttributes = {
					524D85B62704D89400B01C9A = {
						CreatedOnToolsVersion = 13.0;
					};
					524D85C62704D89900B01C9A = {
						CreatedOnToolsVersion = 13.0;
						TestTargetID = 524D85B62704D89400B01C9A;
					};
					524D85D02704D89900B01C9A = {
						CreatedOnToolsVersion = 13.0;
						TestTargetID = 524D85B62704D89400B01C9A;
					};
				};
			};
			buildConfigurationList = 524D85B22704D89400B01C9A /* Build configuration list for PBXProject "SignInWithApple" */;
			compatibilityVersion = "Xcode 13.0";
			developmentRegion = en;
			hasScannedForEncodings = 0;
			knownRegions = (
				en,
				Base,
			);
			mainGroup = 524D85AE2704D89400B01C9A;
			productRefGroup = 524D85B82704D89400B01C9A /* Products */;
			projectDirPath = "";
			projectRoot = "";
			targets = (
				524D85B62704D89400B01C9A /* SignInWithApple */,
				524D85C62704D89900B01C9A /* SignInWithAppleTests */,
				524D85D02704D89900B01C9A /* SignInWithAppleUITests */,
			);
		};
/* End PBXProject section */

/* Begin PBXResourcesBuildPhase section */
		524D85B52704D89400B01C9A /* Resources */ = {
			isa = PBXResourcesBuildPhase;
			buildActionMask = 2147483647;
			files = (
				524D85C22704D89800B01C9A /* Preview Assets.xcassets in Resources */,
				524D85BF2704D89800B01C9A /* Assets.xcassets in Resources */,
			);
			runOnlyForDeploymentPostprocessing = 0;
		};
		524D85C52704D89900B01C9A /* Resources */ = {
			isa = PBXResourcesBuildPhase;
			buildActionMask = 2147483647;
			files = (
			);
			runOnlyForDeploymentPostprocessing = 0;
		};
		524D85CF2704D89900B01C9A /* Resources */ = {
			isa = PBXResourcesBuildPhase;
			buildActionMask = 2147483647;
			files = (
			);
			runOnlyForDeploymentPostprocessing = 0;
		};
/* End PBXResourcesBuildPhase section */

/* Begin PBXSourcesBuildPhase section */
		524D85B32704D89400B01C9A /* Sources */ = {
			isa = PBXSourcesBuildPhase;
			buildActionMask = 2147483647;
			files = (
				524D86592708CAC800B01C9A /* BioMetricAuthenticator.swift in Sources */,
				524D85BD2704D89400B01C9A /* SignInWithAppleView.swift in Sources */,
				524D86B32709FD0300B01C9A /* AppDelegate.swift in Sources */,
				524D865B2708E8D800B01C9A /* SignInWithBiometricsView.swift in Sources */,
				524D86B62709FF5C00B01C9A /* TestingConstants.swift in Sources */,
				524D86C4270A0E8500B01C9A /* NSObject+Extensions.swift in Sources */,
				524D86C2270A0B6F00B01C9A /* UITestable.swift in Sources */,
				524D865D2708FDBC00B01C9A /* ErrorMessageView.swift in Sources */,
				524D86BC270A017400B01C9A /* LaunchArgumentsHandler+Test.swift in Sources */,
				524D86052705D8AA00B01C9A /* HomeView.swift in Sources */,
				524D86532707A4AF00B01C9A /* SignInWithAppleButtonView.swift in Sources */,
				524D86432706F06C00B01C9A /* UserAuth.swift in Sources */,
				524D86CC270A2DB700B01C9A /* LoggedInUITests.swift in Sources */,
				524D85E62704E61E00B01C9A /* LoginHeaderView.swift in Sources */,
				524D86452707117F00B01C9A /* UserDefaultStorage.swift in Sources */,
				524D85BB2704D89400B01C9A /* SignInWithAppleApp.swift in Sources */,
				524D86552707A9DF00B01C9A /* LoginBiometricButtonView.swift in Sources */,
				524D8648270716AC00B01C9A /* UserStorageable.swift in Sources */,
				524D86082705ECA200B01C9A /* AppleIdCoordinator+Registration.swift in Sources */,
				524D864A2707436100B01C9A /* LogoutButtonView.swift in Sources */,
				524D86BF270A0B0700B01C9A /* SignInWithAppleUITests.swift in Sources */,
				524D85FD2704FE2400B01C9A /* UserModel.swift in Sources */,
				524D86BA270A00A700B01C9A /* LaunchArgumentsHandler.swift in Sources */,
				524D8651270756CD00B01C9A /* HintMessageView.swift in Sources */,
				524D86002705B14400B01C9A /* AppleIdAuthenticator.swift in Sources */,
				524D86572708719B00B01C9A /* UserAuthStorageable.swift in Sources */,
				524D1FB72719D16700A18E32 /* Constants.swift in Sources */,
			);
			runOnlyForDeploymentPostprocessing = 0;
		};
		524D85C32704D89900B01C9A /* Sources */ = {
			isa = PBXSourcesBuildPhase;
			buildActionMask = 2147483647;
			files = (
				524D866427098AA400B01C9A /* UserAuthTests.swift in Sources */,
				524D86692709B6D200B01C9A /* BaseAuthTest.swift in Sources */,
				524D86672709939400B01C9A /* UserDefaultStorageTests.swift in Sources */,
				524D1FB92719D5DF00A18E32 /* ConstantsTests.swift in Sources */,
			);
			runOnlyForDeploymentPostprocessing = 0;
		};
		524D85CD2704D89900B01C9A /* Sources */ = {
			isa = PBXSourcesBuildPhase;
			buildActionMask = 2147483647;
			files = (
				524D86B72709FF5C00B01C9A /* TestingConstants.swift in Sources */,
				524D86C8270A184F00B01C9A /* LoggedInUITests.swift in Sources */,
				524D86B02709F88000B01C9A /* BaseUITest.swift in Sources */,
				524D85D62704D89900B01C9A /* SignInWithAppleUITests.swift in Sources */,
			);
			runOnlyForDeploymentPostprocessing = 0;
		};
/* End PBXSourcesBuildPhase section */

/* Begin PBXTargetDependency section */
		524D85C92704D89900B01C9A /* PBXTargetDependency */ = {
			isa = PBXTargetDependency;
			target = 524D85B62704D89400B01C9A /* SignInWithApple */;
			targetProxy = 524D85C82704D89900B01C9A /* PBXContainerItemProxy */;
		};
		524D85D32704D89900B01C9A /* PBXTargetDependency */ = {
			isa = PBXTargetDependency;
			target = 524D85B62704D89400B01C9A /* SignInWithApple */;
			targetProxy = 524D85D22704D89900B01C9A /* PBXContainerItemProxy */;
		};
/* End PBXTargetDependency section */

/* Begin XCBuildConfiguration section */
		524D85D92704D89900B01C9A /* Debug */ = {
			isa = XCBuildConfiguration;
			buildSettings = {
				ALWAYS_SEARCH_USER_PATHS = NO;
				CLANG_ANALYZER_NONNULL = YES;
				CLANG_ANALYZER_NUMBER_OBJECT_CONVERSION = YES_AGGRESSIVE;
				CLANG_CXX_LANGUAGE_STANDARD = "gnu++17";
				CLANG_CXX_LIBRARY = "libc++";
				CLANG_ENABLE_MODULES = YES;
				CLANG_ENABLE_OBJC_ARC = YES;
				CLANG_ENABLE_OBJC_WEAK = YES;
				CLANG_WARN_BLOCK_CAPTURE_AUTORELEASING = YES;
				CLANG_WARN_BOOL_CONVERSION = YES;
				CLANG_WARN_COMMA = YES;
				CLANG_WARN_CONSTANT_CONVERSION = YES;
				CLANG_WARN_DEPRECATED_OBJC_IMPLEMENTATIONS = YES;
				CLANG_WARN_DIRECT_OBJC_ISA_USAGE = YES_ERROR;
				CLANG_WARN_DOCUMENTATION_COMMENTS = YES;
				CLANG_WARN_EMPTY_BODY = YES;
				CLANG_WARN_ENUM_CONVERSION = YES;
				CLANG_WARN_INFINITE_RECURSION = YES;
				CLANG_WARN_INT_CONVERSION = YES;
				CLANG_WARN_NON_LITERAL_NULL_CONVERSION = YES;
				CLANG_WARN_OBJC_IMPLICIT_RETAIN_SELF = YES;
				CLANG_WARN_OBJC_LITERAL_CONVERSION = YES;
				CLANG_WARN_OBJC_ROOT_CLASS = YES_ERROR;
				CLANG_WARN_QUOTED_INCLUDE_IN_FRAMEWORK_HEADER = YES;
				CLANG_WARN_RANGE_LOOP_ANALYSIS = YES;
				CLANG_WARN_STRICT_PROTOTYPES = YES;
				CLANG_WARN_SUSPICIOUS_MOVE = YES;
				CLANG_WARN_UNGUARDED_AVAILABILITY = YES_AGGRESSIVE;
				CLANG_WARN_UNREACHABLE_CODE = YES;
				CLANG_WARN__DUPLICATE_METHOD_MATCH = YES;
				COPY_PHASE_STRIP = NO;
				DEBUG_INFORMATION_FORMAT = dwarf;
				ENABLE_STRICT_OBJC_MSGSEND = YES;
				ENABLE_TESTABILITY = YES;
				GCC_C_LANGUAGE_STANDARD = gnu11;
				GCC_DYNAMIC_NO_PIC = NO;
				GCC_NO_COMMON_BLOCKS = YES;
				GCC_OPTIMIZATION_LEVEL = 0;
				GCC_PREPROCESSOR_DEFINITIONS = (
					"DEBUG=1",
					"$(inherited)",
				);
				GCC_WARN_64_TO_32_BIT_CONVERSION = YES;
				GCC_WARN_ABOUT_RETURN_TYPE = YES_ERROR;
				GCC_WARN_UNDECLARED_SELECTOR = YES;
				GCC_WARN_UNINITIALIZED_AUTOS = YES_AGGRESSIVE;
				GCC_WARN_UNUSED_FUNCTION = YES;
				GCC_WARN_UNUSED_VARIABLE = YES;
				IPHONEOS_DEPLOYMENT_TARGET = 14.0;
				MTL_ENABLE_DEBUG_INFO = INCLUDE_SOURCE;
				MTL_FAST_MATH = YES;
				ONLY_ACTIVE_ARCH = YES;
				SDKROOT = iphoneos;
				SWIFT_ACTIVE_COMPILATION_CONDITIONS = DEBUG;
				SWIFT_OPTIMIZATION_LEVEL = "-Onone";
			};
			name = Debug;
		};
		524D85DA2704D89900B01C9A /* Release */ = {
			isa = XCBuildConfiguration;
			buildSettings = {
				ALWAYS_SEARCH_USER_PATHS = NO;
				CLANG_ANALYZER_NONNULL = YES;
				CLANG_ANALYZER_NUMBER_OBJECT_CONVERSION = YES_AGGRESSIVE;
				CLANG_CXX_LANGUAGE_STANDARD = "gnu++17";
				CLANG_CXX_LIBRARY = "libc++";
				CLANG_ENABLE_MODULES = YES;
				CLANG_ENABLE_OBJC_ARC = YES;
				CLANG_ENABLE_OBJC_WEAK = YES;
				CLANG_WARN_BLOCK_CAPTURE_AUTORELEASING = YES;
				CLANG_WARN_BOOL_CONVERSION = YES;
				CLANG_WARN_COMMA = YES;
				CLANG_WARN_CONSTANT_CONVERSION = YES;
				CLANG_WARN_DEPRECATED_OBJC_IMPLEMENTATIONS = YES;
				CLANG_WARN_DIRECT_OBJC_ISA_USAGE = YES_ERROR;
				CLANG_WARN_DOCUMENTATION_COMMENTS = YES;
				CLANG_WARN_EMPTY_BODY = YES;
				CLANG_WARN_ENUM_CONVERSION = YES;
				CLANG_WARN_INFINITE_RECURSION = YES;
				CLANG_WARN_INT_CONVERSION = YES;
				CLANG_WARN_NON_LITERAL_NULL_CONVERSION = YES;
				CLANG_WARN_OBJC_IMPLICIT_RETAIN_SELF = YES;
				CLANG_WARN_OBJC_LITERAL_CONVERSION = YES;
				CLANG_WARN_OBJC_ROOT_CLASS = YES_ERROR;
				CLANG_WARN_QUOTED_INCLUDE_IN_FRAMEWORK_HEADER = YES;
				CLANG_WARN_RANGE_LOOP_ANALYSIS = YES;
				CLANG_WARN_STRICT_PROTOTYPES = YES;
				CLANG_WARN_SUSPICIOUS_MOVE = YES;
				CLANG_WARN_UNGUARDED_AVAILABILITY = YES_AGGRESSIVE;
				CLANG_WARN_UNREACHABLE_CODE = YES;
				CLANG_WARN__DUPLICATE_METHOD_MATCH = YES;
				COPY_PHASE_STRIP = NO;
				DEBUG_INFORMATION_FORMAT = "dwarf-with-dsym";
				ENABLE_NS_ASSERTIONS = NO;
				ENABLE_STRICT_OBJC_MSGSEND = YES;
				GCC_C_LANGUAGE_STANDARD = gnu11;
				GCC_NO_COMMON_BLOCKS = YES;
				GCC_WARN_64_TO_32_BIT_CONVERSION = YES;
				GCC_WARN_ABOUT_RETURN_TYPE = YES_ERROR;
				GCC_WARN_UNDECLARED_SELECTOR = YES;
				GCC_WARN_UNINITIALIZED_AUTOS = YES_AGGRESSIVE;
				GCC_WARN_UNUSED_FUNCTION = YES;
				GCC_WARN_UNUSED_VARIABLE = YES;
				IPHONEOS_DEPLOYMENT_TARGET = 14.0;
				MTL_ENABLE_DEBUG_INFO = NO;
				MTL_FAST_MATH = YES;
				SDKROOT = iphoneos;
				SWIFT_COMPILATION_MODE = wholemodule;
				SWIFT_OPTIMIZATION_LEVEL = "-O";
				VALIDATE_PRODUCT = YES;
			};
			name = Release;
		};
		524D85DC2704D89900B01C9A /* Debug */ = {
			isa = XCBuildConfiguration;
			buildSettings = {
				ASSETCATALOG_COMPILER_APPICON_NAME = AppIcon;
				ASSETCATALOG_COMPILER_GLOBAL_ACCENT_COLOR_NAME = AccentColor;
				CODE_SIGN_ENTITLEMENTS = SignInWithApple/SignInWithApple.entitlements;
				CODE_SIGN_IDENTITY = "iPhone Developer";
				CODE_SIGN_STYLE = Manual;
				CURRENT_PROJECT_VERSION = 1;
				DEVELOPMENT_ASSET_PATHS = "\"SignInWithApple/Preview Content\"";
				DEVELOPMENT_TEAM = Y6C4X7SSH4;
				ENABLE_PREVIEWS = YES;
				GENERATE_INFOPLIST_FILE = YES;
				INFOPLIST_FILE = "";
				INFOPLIST_KEY_NSFaceIDUsageDescription = "To allow you to unlock without entering your AppleId.";
				INFOPLIST_KEY_UIApplicationSceneManifest_Generation = YES;
				INFOPLIST_KEY_UIApplicationSupportsIndirectInputEvents = YES;
				INFOPLIST_KEY_UILaunchScreen_Generation = YES;
				INFOPLIST_KEY_UIRequiresFullScreen = YES;
				INFOPLIST_KEY_UISupportedInterfaceOrientations = UIInterfaceOrientationPortrait;
				INFOPLIST_KEY_UISupportedInterfaceOrientations_iPad = UIInterfaceOrientationPortrait;
				INFOPLIST_KEY_UISupportedInterfaceOrientations_iPhone = UIInterfaceOrientationPortrait;
				IPHONEOS_DEPLOYMENT_TARGET = 14.0;
				LD_RUNPATH_SEARCH_PATHS = (
					"$(inherited)",
					"@executable_path/Frameworks",
				);
				MARKETING_VERSION = 1.0;
				PRODUCT_BUNDLE_IDENTIFIER = de.hvonweg.SignInWithApple;
				PRODUCT_NAME = "$(TARGET_NAME)";
				PROVISIONING_PROFILE_SPECIFIER = Dev_de.hvonweg.SignInWithApple;
				SWIFT_EMIT_LOC_STRINGS = YES;
				SWIFT_VERSION = 5.0;
				TARGETED_DEVICE_FAMILY = "1,2";
			};
			name = Debug;
		};
		524D85DD2704D89900B01C9A /* Release */ = {
			isa = XCBuildConfiguration;
			buildSettings = {
				ASSETCATALOG_COMPILER_APPICON_NAME = AppIcon;
				ASSETCATALOG_COMPILER_GLOBAL_ACCENT_COLOR_NAME = AccentColor;
				CODE_SIGN_ENTITLEMENTS = SignInWithApple/SignInWithApple.entitlements;
				CODE_SIGN_IDENTITY = "iPhone Developer";
				CODE_SIGN_STYLE = Manual;
				CURRENT_PROJECT_VERSION = 1;
				DEVELOPMENT_ASSET_PATHS = "\"SignInWithApple/Preview Content\"";
				DEVELOPMENT_TEAM = Y6C4X7SSH4;
				ENABLE_PREVIEWS = YES;
				GENERATE_INFOPLIST_FILE = YES;
				INFOPLIST_FILE = "";
				INFOPLIST_KEY_NSFaceIDUsageDescription = "To allow you to unlock without entering your AppleId.";
				INFOPLIST_KEY_UIApplicationSceneManifest_Generation = YES;
				INFOPLIST_KEY_UIApplicationSupportsIndirectInputEvents = YES;
				INFOPLIST_KEY_UILaunchScreen_Generation = YES;
				INFOPLIST_KEY_UIRequiresFullScreen = YES;
				INFOPLIST_KEY_UISupportedInterfaceOrientations = UIInterfaceOrientationPortrait;
				INFOPLIST_KEY_UISupportedInterfaceOrientations_iPad = UIInterfaceOrientationPortrait;
				INFOPLIST_KEY_UISupportedInterfaceOrientations_iPhone = UIInterfaceOrientationPortrait;
				IPHONEOS_DEPLOYMENT_TARGET = 14.0;
				LD_RUNPATH_SEARCH_PATHS = (
					"$(inherited)",
					"@executable_path/Frameworks",
				);
				MARKETING_VERSION = 1.0;
				PRODUCT_BUNDLE_IDENTIFIER = de.hvonweg.SignInWithApple;
				PRODUCT_NAME = "$(TARGET_NAME)";
				PROVISIONING_PROFILE_SPECIFIER = Dev_de.hvonweg.SignInWithApple;
				SWIFT_EMIT_LOC_STRINGS = YES;
				SWIFT_VERSION = 5.0;
				TARGETED_DEVICE_FAMILY = "1,2";
			};
			name = Release;
		};
		524D85DF2704D89900B01C9A /* Debug */ = {
			isa = XCBuildConfiguration;
			buildSettings = {
				ALWAYS_EMBED_SWIFT_STANDARD_LIBRARIES = YES;
				BUNDLE_LOADER = "$(TEST_HOST)";
				CODE_SIGN_STYLE = Automatic;
				CURRENT_PROJECT_VERSION = 1;
				DEVELOPMENT_TEAM = Y6C4X7SSH4;
				GENERATE_INFOPLIST_FILE = YES;
				IPHONEOS_DEPLOYMENT_TARGET = 14.0;
				LD_RUNPATH_SEARCH_PATHS = (
					"$(inherited)",
					"@executable_path/Frameworks",
					"@loader_path/Frameworks",
				);
				MARKETING_VERSION = 1.0;
				PRODUCT_BUNDLE_IDENTIFIER = de.herised.SignInWithAppleTests;
				PRODUCT_NAME = "$(TARGET_NAME)";
				SWIFT_EMIT_LOC_STRINGS = NO;
				SWIFT_VERSION = 5.0;
				TARGETED_DEVICE_FAMILY = "1,2";
				TEST_HOST = "$(BUILT_PRODUCTS_DIR)/SignInWithApple.app/SignInWithApple";
			};
			name = Debug;
		};
		524D85E02704D89900B01C9A /* Release */ = {
			isa = XCBuildConfiguration;
			buildSettings = {
				ALWAYS_EMBED_SWIFT_STANDARD_LIBRARIES = YES;
				BUNDLE_LOADER = "$(TEST_HOST)";
				CODE_SIGN_STYLE = Automatic;
				CURRENT_PROJECT_VERSION = 1;
				DEVELOPMENT_TEAM = Y6C4X7SSH4;
				GENERATE_INFOPLIST_FILE = YES;
				IPHONEOS_DEPLOYMENT_TARGET = 14.0;
				LD_RUNPATH_SEARCH_PATHS = (
					"$(inherited)",
					"@executable_path/Frameworks",
					"@loader_path/Frameworks",
				);
				MARKETING_VERSION = 1.0;
				PRODUCT_BUNDLE_IDENTIFIER = de.herised.SignInWithAppleTests;
				PRODUCT_NAME = "$(TARGET_NAME)";
				SWIFT_EMIT_LOC_STRINGS = NO;
				SWIFT_VERSION = 5.0;
				TARGETED_DEVICE_FAMILY = "1,2";
				TEST_HOST = "$(BUILT_PRODUCTS_DIR)/SignInWithApple.app/SignInWithApple";
			};
			name = Release;
		};
		524D85E22704D89900B01C9A /* Debug */ = {
			isa = XCBuildConfiguration;
			buildSettings = {
				ALWAYS_EMBED_SWIFT_STANDARD_LIBRARIES = YES;
				CODE_SIGN_STYLE = Automatic;
				CURRENT_PROJECT_VERSION = 1;
				DEVELOPMENT_TEAM = Y6C4X7SSH4;
				GENERATE_INFOPLIST_FILE = YES;
				LD_RUNPATH_SEARCH_PATHS = (
					"$(inherited)",
					"@executable_path/Frameworks",
					"@loader_path/Frameworks",
				);
				MARKETING_VERSION = 1.0;
				PRODUCT_BUNDLE_IDENTIFIER = de.herised.SignInWithAppleUITests;
				PRODUCT_NAME = "$(TARGET_NAME)";
				SWIFT_EMIT_LOC_STRINGS = NO;
				SWIFT_VERSION = 5.0;
				TARGETED_DEVICE_FAMILY = "1,2";
				TEST_TARGET_NAME = SignInWithApple;
			};
			name = Debug;
		};
		524D85E32704D89900B01C9A /* Release */ = {
			isa = XCBuildConfiguration;
			buildSettings = {
				ALWAYS_EMBED_SWIFT_STANDARD_LIBRARIES = YES;
				CODE_SIGN_STYLE = Automatic;
				CURRENT_PROJECT_VERSION = 1;
				DEVELOPMENT_TEAM = Y6C4X7SSH4;
				GENERATE_INFOPLIST_FILE = YES;
				LD_RUNPATH_SEARCH_PATHS = (
					"$(inherited)",
					"@executable_path/Frameworks",
					"@loader_path/Frameworks",
				);
				MARKETING_VERSION = 1.0;
				PRODUCT_BUNDLE_IDENTIFIER = de.herised.SignInWithAppleUITests;
				PRODUCT_NAME = "$(TARGET_NAME)";
				SWIFT_EMIT_LOC_STRINGS = NO;
				SWIFT_VERSION = 5.0;
				TARGETED_DEVICE_FAMILY = "1,2";
				TEST_TARGET_NAME = SignInWithApple;
			};
			name = Release;
		};
/* End XCBuildConfiguration section */

/* Begin XCConfigurationList section */
		524D85B22704D89400B01C9A /* Build configuration list for PBXProject "SignInWithApple" */ = {
			isa = XCConfigurationList;
			buildConfigurations = (
				524D85D92704D89900B01C9A /* Debug */,
				524D85DA2704D89900B01C9A /* Release */,
			);
			defaultConfigurationIsVisible = 0;
			defaultConfigurationName = Release;
		};
		524D85DB2704D89900B01C9A /* Build configuration list for PBXNativeTarget "SignInWithApple" */ = {
			isa = XCConfigurationList;
			buildConfigurations = (
				524D85DC2704D89900B01C9A /* Debug */,
				524D85DD2704D89900B01C9A /* Release */,
			);
			defaultConfigurationIsVisible = 0;
			defaultConfigurationName = Release;
		};
		524D85DE2704D89900B01C9A /* Build configuration list for PBXNativeTarget "SignInWithAppleTests" */ = {
			isa = XCConfigurationList;
			buildConfigurations = (
				524D85DF2704D89900B01C9A /* Debug */,
				524D85E02704D89900B01C9A /* Release */,
			);
			defaultConfigurationIsVisible = 0;
			defaultConfigurationName = Release;
		};
		524D85E12704D89900B01C9A /* Build configuration list for PBXNativeTarget "SignInWithAppleUITests" */ = {
			isa = XCConfigurationList;
			buildConfigurations = (
				524D85E22704D89900B01C9A /* Debug */,
				524D85E32704D89900B01C9A /* Release */,
			);
			defaultConfigurationIsVisible = 0;
			defaultConfigurationName = Release;
		};
/* End XCConfigurationList section */
	};
	rootObject = 524D85AF2704D89400B01C9A /* Project object */;
}
